// !$*UTF8*$!
{
	archiveVersion = 1;
	classes = {
	};
	objectVersion = 46;
	objects = {

/* Begin PBXBuildFile section */
		D26B9EED1A3E4B120044183A /* AppDelegate.swift in Sources */ = {isa = PBXBuildFile; fileRef = D26B9EEC1A3E4B120044183A /* AppDelegate.swift */; };
		D26B9EEF1A3E4B120044183A /* ViewController.swift in Sources */ = {isa = PBXBuildFile; fileRef = D26B9EEE1A3E4B120044183A /* ViewController.swift */; };
		D26B9EF21A3E4B120044183A /* Main.storyboard in Resources */ = {isa = PBXBuildFile; fileRef = D26B9EF01A3E4B120044183A /* Main.storyboard */; };
		D26B9EF41A3E4B120044183A /* Images.xcassets in Resources */ = {isa = PBXBuildFile; fileRef = D26B9EF31A3E4B120044183A /* Images.xcassets */; };
		D26B9EF71A3E4B120044183A /* LaunchScreen.xib in Resources */ = {isa = PBXBuildFile; fileRef = D26B9EF51A3E4B120044183A /* LaunchScreen.xib */; };
		D26B9F031A3E4B120044183A /* PostcardTests.swift in Sources */ = {isa = PBXBuildFile; fileRef = D26B9F021A3E4B120044183A /* PostcardTests.swift */; };
		D26B9F0D1A3E50DA0044183A /* SagradaFamilia.jpeg in Resources */ = {isa = PBXBuildFile; fileRef = D26B9F0C1A3E50DA0044183A /* SagradaFamilia.jpeg */; };
		D2A8D6061A3F2F7D001D77BA /* AlbertEinsteinStamp.jpg in Resources */ = {isa = PBXBuildFile; fileRef = D2A8D6051A3F2F7D001D77BA /* AlbertEinsteinStamp.jpg */; };
/* End PBXBuildFile section */

/* Begin PBXContainerItemProxy section */
		D26B9EFD1A3E4B120044183A /* PBXContainerItemProxy */ = {
			isa = PBXContainerItemProxy;
			containerPortal = D26B9EDF1A3E4B120044183A /* Project object */;
			proxyType = 1;
			remoteGlobalIDString = D26B9EE61A3E4B120044183A;
			remoteInfo = Postcard;
		};
/* End PBXContainerItemProxy section */

/* Begin PBXFileReference section */
		D26B9EE71A3E4B120044183A /* Postcard.app */ = {isa = PBXFileReference; explicitFileType = wrapper.application; includeInIndex = 0; path = Postcard.app; sourceTree = BUILT_PRODUCTS_DIR; };
		D26B9EEB1A3E4B120044183A /* Info.plist */ = {isa = PBXFileReference; lastKnownFileType = text.plist.xml; path = Info.plist; sourceTree = "<group>"; };
		D26B9EEC1A3E4B120044183A /* AppDelegate.swift */ = {isa = PBXFileReference; lastKnownFileType = sourcecode.swift; path = AppDelegate.swift; sourceTree = "<group>"; };
		D26B9EEE1A3E4B120044183A /* ViewController.swift */ = {isa = PBXFileReference; lastKnownFileType = sourcecode.swift; path = ViewController.swift; sourceTree = "<group>"; };
		D26B9EF11A3E4B120044183A /* Base */ = {isa = PBXFileReference; lastKnownFileType = file.storyboard; name = Base; path = Base.lproj/Main.storyboard; sourceTree = "<group>"; };
		D26B9EF31A3E4B120044183A /* Images.xcassets */ = {isa = PBXFileReference; lastKnownFileType = folder.assetcatalog; path = Images.xcassets; sourceTree = "<group>"; };
		D26B9EF61A3E4B120044183A /* Base */ = {isa = PBXFileReference; lastKnownFileType = file.xib; name = Base; path = Base.lproj/LaunchScreen.xib; sourceTree = "<group>"; };
		D26B9EFC1A3E4B120044183A /* PostcardTests.xctest */ = {isa = PBXFileReference; explicitFileType = wrapper.cfbundle; includeInIndex = 0; path = PostcardTests.xctest; sourceTree = BUILT_PRODUCTS_DIR; };
		D26B9F011A3E4B120044183A /* Info.plist */ = {isa = PBXFileReference; lastKnownFileType = text.plist.xml; path = Info.plist; sourceTree = "<group>"; };
		D26B9F021A3E4B120044183A /* PostcardTests.swift */ = {isa = PBXFileReference; lastKnownFileType = sourcecode.swift; path = PostcardTests.swift; sourceTree = "<group>"; };
		D26B9F0C1A3E50DA0044183A /* SagradaFamilia.jpeg */ = {isa = PBXFileReference; lastKnownFileType = image.jpeg; path = SagradaFamilia.jpeg; sourceTree = "<group>"; };
		D2A8D6051A3F2F7D001D77BA /* AlbertEinsteinStamp.jpg */ = {isa = PBXFileReference; lastKnownFileType = image.jpeg; path = AlbertEinsteinStamp.jpg; sourceTree = "<group>"; };
/* End PBXFileReference section */

/* Begin PBXFrameworksBuildPhase section */
		D26B9EE41A3E4B120044183A /* Frameworks */ = {
			isa = PBXFrameworksBuildPhase;
			buildActionMask = 2147483647;
			files = (
			);
			runOnlyForDeploymentPostprocessing = 0;
		};
		D26B9EF91A3E4B120044183A /* Frameworks */ = {
			isa = PBXFrameworksBuildPhase;
			buildActionMask = 2147483647;
			files = (
			);
			runOnlyForDeploymentPostprocessing = 0;
		};
/* End PBXFrameworksBuildPhase section */

/* Begin PBXGroup section */
		D26B9EDE1A3E4B120044183A = {
			isa = PBXGroup;
			children = (
				D26B9EE91A3E4B120044183A /* Postcard */,
				D26B9EFF1A3E4B120044183A /* PostcardTests */,
				D26B9EE81A3E4B120044183A /* Products */,
			);
			sourceTree = "<group>";
		};
		D26B9EE81A3E4B120044183A /* Products */ = {
			isa = PBXGroup;
			children = (
				D26B9EE71A3E4B120044183A /* Postcard.app */,
				D26B9EFC1A3E4B120044183A /* PostcardTests.xctest */,
			);
			name = Products;
			sourceTree = "<group>";
		};
		D26B9EE91A3E4B120044183A /* Postcard */ = {
			isa = PBXGroup;
			children = (
				D26B9EEC1A3E4B120044183A /* AppDelegate.swift */,
				D26B9EEE1A3E4B120044183A /* ViewController.swift */,
				D26B9EF01A3E4B120044183A /* Main.storyboard */,
				D26B9EF31A3E4B120044183A /* Images.xcassets */,
				D26B9EF51A3E4B120044183A /* LaunchScreen.xib */,
				D26B9EEA1A3E4B120044183A /* Supporting Files */,
			);
			path = Postcard;
			sourceTree = "<group>";
		};
		D26B9EEA1A3E4B120044183A /* Supporting Files */ = {
			isa = PBXGroup;
			children = (
				D2A8D6051A3F2F7D001D77BA /* AlbertEinsteinStamp.jpg */,
				D26B9F0C1A3E50DA0044183A /* SagradaFamilia.jpeg */,
				D26B9EEB1A3E4B120044183A /* Info.plist */,
			);
			name = "Supporting Files";
			sourceTree = "<group>";
		};
		D26B9EFF1A3E4B120044183A /* PostcardTests */ = {
			isa = PBXGroup;
			children = (
				D26B9F021A3E4B120044183A /* PostcardTests.swift */,
				D26B9F001A3E4B120044183A /* Supporting Files */,
			);
			path = PostcardTests;
			sourceTree = "<group>";
		};
		D26B9F001A3E4B120044183A /* Supporting Files */ = {
			isa = PBXGroup;
			children = (
				D26B9F011A3E4B120044183A /* Info.plist */,
			);
			name = "Supporting Files";
			sourceTree = "<group>";
		};
/* End PBXGroup section */

/* Begin PBXNativeTarget section */
		D26B9EE61A3E4B120044183A /* Postcard */ = {
			isa = PBXNativeTarget;
			buildConfigurationList = D26B9F061A3E4B120044183A /* Build configuration list for PBXNativeTarget "Postcard" */;
			buildPhases = (
				D26B9EE31A3E4B120044183A /* Sources */,
				D26B9EE41A3E4B120044183A /* Frameworks */,
				D26B9EE51A3E4B120044183A /* Resources */,
			);
			buildRules = (
			);
			dependencies = (
			);
			name = Postcard;
			productName = Postcard;
			productReference = D26B9EE71A3E4B120044183A /* Postcard.app */;
			productType = "com.apple.product-type.application";
		};
		D26B9EFB1A3E4B120044183A /* PostcardTests */ = {
			isa = PBXNativeTarget;
			buildConfigurationList = D26B9F091A3E4B120044183A /* Build configuration list for PBXNativeTarget "PostcardTests" */;
			buildPhases = (
				D26B9EF81A3E4B120044183A /* Sources */,
				D26B9EF91A3E4B120044183A /* Frameworks */,
				D26B9EFA1A3E4B120044183A /* Resources */,
			);
			buildRules = (
			);
			dependencies = (
				D26B9EFE1A3E4B120044183A /* PBXTargetDependency */,
			);
			name = PostcardTests;
			productName = PostcardTests;
			productReference = D26B9EFC1A3E4B120044183A /* PostcardTests.xctest */;
			productType = "com.apple.product-type.bundle.unit-test";
		};
/* End PBXNativeTarget section */

/* Begin PBXProject section */
		D26B9EDF1A3E4B120044183A /* Project object */ = {
			isa = PBXProject;
			attributes = {
				LastUpgradeCheck = 0610;
				ORGANIZATIONNAME = "Procyon Networks";
				TargetAttributes = {
					D26B9EE61A3E4B120044183A = {
						CreatedOnToolsVersion = 6.1.1;
					};
					D26B9EFB1A3E4B120044183A = {
						CreatedOnToolsVersion = 6.1.1;
						TestTargetID = D26B9EE61A3E4B120044183A;
					};
				};
			};
			buildConfigurationList = D26B9EE21A3E4B120044183A /* Build configuration list for PBXProject "Postcard" */;
			compatibilityVersion = "Xcode 3.2";
			developmentRegion = English;
			hasScannedForEncodings = 0;
			knownRegions = (
				en,
				Base,
			);
			mainGroup = D26B9EDE1A3E4B120044183A;
			productRefGroup = D26B9EE81A3E4B120044183A /* Products */;
			projectDirPath = "";
			projectRoot = "";
			targets = (
				D26B9EE61A3E4B120044183A /* Postcard */,
				D26B9EFB1A3E4B120044183A /* PostcardTests */,
			);
		};
/* End PBXProject section */

/* Begin PBXResourcesBuildPhase section */
		D26B9EE51A3E4B120044183A /* Resources */ = {
			isa = PBXResourcesBuildPhase;
			buildActionMask = 2147483647;
			files = (
				D26B9EF21A3E4B120044183A /* Main.storyboard in Resources */,
				D26B9F0D1A3E50DA0044183A /* SagradaFamilia.jpeg in Resources */,
				D2A8D6061A3F2F7D001D77BA /* AlbertEinsteinStamp.jpg in Resources */,
				D26B9EF71A3E4B120044183A /* LaunchScreen.xib in Resources */,
				D26B9EF41A3E4B120044183A /* Images.xcassets in Resources */,
			);
			runOnlyForDeploymentPostprocessing = 0;
		};
		D26B9EFA1A3E4B120044183A /* Resources */ = {
			isa = PBXResourcesBuildPhase;
			buildActionMask = 2147483647;
			files = (
			);
			runOnlyForDeploymentPostprocessing = 0;
		};
/* End PBXResourcesBuildPhase section */

/* Begin PBXSourcesBuildPhase section */
		D26B9EE31A3E4B120044183A /* Sources */ = {
			isa = PBXSourcesBuildPhase;
			buildActionMask = 2147483647;
			files = (
				D26B9EEF1A3E4B120044183A /* ViewController.swift in Sources */,
				D26B9EED1A3E4B120044183A /* AppDelegate.swift in Sources */,
			);
			runOnlyForDeploymentPostprocessing = 0;
		};
		D26B9EF81A3E4B120044183A /* Sources */ = {
			isa = PBXSourcesBuildPhase;
			buildActionMask = 2147483647;
			files = (
				D26B9F031A3E4B120044183A /* PostcardTests.swift in Sources */,
			);
			runOnlyForDeploymentPostprocessing = 0;
		};
/* End PBXSourcesBuildPhase section */

/* Begin PBXTargetDependency section */
		D26B9EFE1A3E4B120044183A /* PBXTargetDependency */ = {
			isa = PBXTargetDependency;
			target = D26B9EE61A3E4B120044183A /* Postcard */;
			targetProxy = D26B9EFD1A3E4B120044183A /* PBXContainerItemProxy */;
		};
/* End PBXTargetDependency section */

/* Begin PBXVariantGroup section */
		D26B9EF01A3E4B120044183A /* Main.storyboard */ = {
			isa = PBXVariantGroup;
			children = (
				D26B9EF11A3E4B120044183A /* Base */,
			);
			name = Main.storyboard;
			sourceTree = "<group>";
		};
		D26B9EF51A3E4B120044183A /* LaunchScreen.xib */ = {
			isa = PBXVariantGroup;
			children = (
				D26B9EF61A3E4B120044183A /* Base */,
			);
			name = LaunchScreen.xib;
			sourceTree = "<group>";
		};
/* End PBXVariantGroup section */

/* Begin XCBuildConfiguration section */
		D26B9F041A3E4B120044183A /* Debug */ = {
			isa = XCBuildConfiguration;
			buildSettings = {
				ALWAYS_SEARCH_USER_PATHS = NO;
				CLANG_CXX_LANGUAGE_STANDARD = "gnu++0x";
				CLANG_CXX_LIBRARY = "libc++";
				CLANG_ENABLE_MODULES = YES;
				CLANG_ENABLE_OBJC_ARC = YES;
				CLANG_WARN_BOOL_CONVERSION = YES;
				CLANG_WARN_CONSTANT_CONVERSION = YES;
				CLANG_WARN_DIRECT_OBJC_ISA_USAGE = YES_ERROR;
				CLANG_WARN_EMPTY_BODY = YES;
				CLANG_WARN_ENUM_CONVERSION = YES;
				CLANG_WARN_INT_CONVERSION = YES;
				CLANG_WARN_OBJC_ROOT_CLASS = YES_ERROR;
				CLANG_WARN_UNREACHABLE_CODE = YES;
				CLANG_WARN__DUPLICATE_METHOD_MATCH = YES;
				"CODE_SIGN_IDENTITY[sdk=iphoneos*]" = "iPhone Developer";
				COPY_PHASE_STRIP = NO;
				ENABLE_STRICT_OBJC_MSGSEND = YES;
				GCC_C_LANGUAGE_STANDARD = gnu99;
				GCC_DYNAMIC_NO_PIC = NO;
				GCC_OPTIMIZATION_LEVEL = 0;
				GCC_PREPROCESSOR_DEFINITIONS = (
					"DEBUG=1",
					"$(inherited)",
				);
				GCC_SYMBOLS_PRIVATE_EXTERN = NO;
				GCC_WARN_64_TO_32_BIT_CONVERSION = YES;
				GCC_WARN_ABOUT_RETURN_TYPE = YES_ERROR;
				GCC_WARN_UNDECLARED_SELECTOR = YES;
				GCC_WARN_UNINITIALIZED_AUTOS = YES_AGGRESSIVE;
				GCC_WARN_UNUSED_FUNCTION = YES;
				GCC_WARN_UNUSED_VARIABLE = YES;
				IPHONEOS_DEPLOYMENT_TARGET = 8.1;
				MTL_ENABLE_DEBUG_INFO = YES;
				ONLY_ACTIVE_ARCH = YES;
				SDKROOT = iphoneos;
				SWIFT_OPTIMIZATION_LEVEL = "-Onone";
				TARGETED_DEVICE_FAMILY = "1,2";
			};
			name = Debug;
		};
		D26B9F051A3E4B120044183A /* Release */ = {
			isa = XCBuildConfiguration;
			buildSettings = {
				ALWAYS_SEARCH_USER_PATHS = NO;
				CLANG_CXX_LANGUAGE_STANDARD = "gnu++0x";
				CLANG_CXX_LIBRARY = "libc++";
				CLANG_ENABLE_MODULES = YES;
				CLANG_ENABLE_OBJC_ARC = YES;
				CLANG_WARN_BOOL_CONVERSION = YES;
				CLANG_WARN_CONSTANT_CONVERSION = YES;
				CLANG_WARN_DIRECT_OBJC_ISA_USAGE = YES_ERROR;
				CLANG_WARN_EMPTY_BODY = YES;
				CLANG_WARN_ENUM_CONVERSION = YES;
				CLANG_WARN_INT_CONVERSION = YES;
				CLANG_WARN_OBJC_ROOT_CLASS = YES_ERROR;
				CLANG_WARN_UNREACHABLE_CODE = YES;
				CLANG_WARN__DUPLICATE_METHOD_MATCH = YES;
				"CODE_SIGN_IDENTITY[sdk=iphoneos*]" = "iPhone Developer";
				COPY_PHASE_STRIP = YES;
				ENABLE_NS_ASSERTIONS = NO;
				ENABLE_STRICT_OBJC_MSGSEND = YES;
				GCC_C_LANGUAGE_STANDARD = gnu99;
				GCC_WARN_64_TO_32_BIT_CONVERSION = YES;
				GCC_WARN_ABOUT_RETURN_TYPE = YES_ERROR;
				GCC_WARN_UNDECLARED_SELECTOR = YES;
				GCC_WARN_UNINITIALIZED_AUTOS = YES_AGGRESSIVE;
				GCC_WARN_UNUSED_FUNCTION = YES;
				GCC_WARN_UNUSED_VARIABLE = YES;
				IPHONEOS_DEPLOYMENT_TARGET = 8.1;
				MTL_ENABLE_DEBUG_INFO = NO;
				SDKROOT = iphoneos;
				TARGETED_DEVICE_FAMILY = "1,2";
				VALIDATE_PRODUCT = YES;
			};
			name = Release;
		};
		D26B9F071A3E4B120044183A /* Debug */ = {
			isa = XCBuildConfiguration;
			buildSettings = {
				ASSETCATALOG_COMPILER_APPICON_NAME = AppIcon;
				INFOPLIST_FILE = Postcard/Info.plist;
				LD_RUNPATH_SEARCH_PATHS = "$(inherited) @executable_path/Frameworks";
				PRODUCT_NAME = "$(TARGET_NAME)";
			};
			name = Debug;
		};
		D26B9F081A3E4B120044183A /* Release */ = {
			isa = XCBuildConfiguration;
			buildSettings = {
				ASSETCATALOG_COMPILER_APPICON_NAME = AppIcon;
				INFOPLIST_FILE = Postcard/Info.plist;
				LD_RUNPATH_SEARCH_PATHS = "$(inherited) @executable_path/Frameworks";
				PRODUCT_NAME = "$(TARGET_NAME)";
			};
			name = Release;
		};
		D26B9F0A1A3E4B120044183A /* Debug */ = {
			isa = XCBuildConfiguration;
			buildSettings = {
				BUNDLE_LOADER = "$(TEST_HOST)";
				FRAMEWORK_SEARCH_PATHS = (
					"$(SDKROOT)/Developer/Library/Frameworks",
					"$(inherited)",
				);
				GCC_PREPROCESSOR_DEFINITIONS = (
					"DEBUG=1",
					"$(inherited)",
				);
				INFOPLIST_FILE = PostcardTests/Info.plist;
				LD_RUNPATH_SEARCH_PATHS = "$(inherited) @executable_path/Frameworks @loader_path/Frameworks";
				PRODUCT_NAME = "$(TARGET_NAME)";
				TEST_HOST = "$(BUILT_PRODUCTS_DIR)/Postcard.app/Postcard";
			};
			name = Debug;
		};
		D26B9F0B1A3E4B120044183A /* Release */ = {
			isa = XCBuildConfiguration;
			buildSettings = {
				BUNDLE_LOADER = "$(TEST_HOST)";
				FRAMEWORK_SEARCH_PATHS = (
					"$(SDKROOT)/Developer/Library/Frameworks",
					"$(inherited)",
				);
				INFOPLIST_FILE = PostcardTests/Info.plist;
				LD_RUNPATH_SEARCH_PATHS = "$(inherited) @executable_path/Frameworks @loader_path/Frameworks";
				PRODUCT_NAME = "$(TARGET_NAME)";
				TEST_HOST = "$(BUILT_PRODUCTS_DIR)/Postcard.app/Postcard";
			};
			name = Release;
		};
/* End XCBuildConfiguration section */

/* Begin XCConfigurationList section */
		D26B9EE21A3E4B120044183A /* Build configuration list for PBXProject "Postcard" */ = {
			isa = XCConfigurationList;
			buildConfigurations = (
				D26B9F041A3E4B120044183A /* Debug */,
				D26B9F051A3E4B120044183A /* Release */,
			);
			defaultConfigurationIsVisible = 0;
			defaultConfigurationName = Release;
		};
		D26B9F061A3E4B120044183A /* Build configuration list for PBXNativeTarget "Postcard" */ = {
			isa = XCConfigurationList;
			buildConfigurations = (
				D26B9F071A3E4B120044183A /* Debug */,
				D26B9F081A3E4B120044183A /* Release */,
			);
			defaultConfigurationIsVisible = 0;
			defaultConfigurationName = Release;
		};
		D26B9F091A3E4B120044183A /* Build configuration list for PBXNativeTarget "PostcardTests" */ = {
			isa = XCConfigurationList;
			buildConfigurations = (
				D26B9F0A1A3E4B120044183A /* Debug */,
				D26B9F0B1A3E4B120044183A /* Release */,
			);
			defaultConfigurationIsVisible = 0;
			defaultConfigurationName = Release;
		};
/* End XCConfigurationList section */
	};
	rootObject = D26B9EDF1A3E4B120044183A /* Project object */;
}
